
Microsoft Visual Studio Solution File, Format Version 12.00
# Visual Studio Version 17
VisualStudioVersion = 17.3.32901.215
MinimumVisualStudioVersion = 10.0.40219.1
Project("{FAE04EC0-301F-11D3-BF4B-00C04F79EFBC}") = "AreaSearching", "AreaSearching\AreaSearching.csproj", "{6EC863C7-6889-4DBA-984B-FED71008CAE5}"
EndProject
Project("{FAE04EC0-301F-11D3-BF4B-00C04F79EFBC}") = "AreaSearching.Tests", "AreaSearching.Tests\AreaSearching.Tests.csproj", "{87DD1B17-DE59-4493-BC93-1AE178999849}"
EndProject
Global
	GlobalSection(SolutionConfigurationPlatforms) = preSolution
		Debug|Any CPU = Debug|Any CPU
		Release|Any CPU = Release|Any CPU
	EndGlobalSection
	GlobalSection(ProjectConfigurationPlatforms) = postSolution
		{6EC863C7-6889-4DBA-984B-FED71008CAE5}.Debug|Any CPU.ActiveCfg = Debug|Any CPU
		{6EC863C7-6889-4DBA-984B-FED71008CAE5}.Debug|Any CPU.Build.0 = Debug|Any CPU
		{6EC863C7-6889-4DBA-984B-FED71008CAE5}.Release|Any CPU.ActiveCfg = Release|Any CPU
		{6EC863C7-6889-4DBA-984B-FED71008CAE5}.Release|Any CPU.Build.0 = Release|Any CPU
		{87DD1B17-DE59-4493-BC93-1AE178999849}.Debug|Any CPU.ActiveCfg = Debug|Any CPU
		{87DD1B17-DE59-4493-BC93-1AE178999849}.Debug|Any CPU.Build.0 = Debug|Any CPU
		{87DD1B17-DE59-4493-BC93-1AE178999849}.Release|Any CPU.ActiveCfg = Release|Any CPU
		{87DD1B17-DE59-4493-BC93-1AE178999849}.Release|Any CPU.Build.0 = Release|Any CPU
	EndGlobalSection
	GlobalSection(SolutionProperties) = preSolution
		HideSolutionNode = FALSE
	EndGlobalSection
	GlobalSection(ExtensibilityGlobals) = postSolution
		SolutionGuid = {863EF3D7-7F5D-4567-979C-8FB88DC4E2A9}
	EndGlobalSection
EndGlobal
